// !$*UTF8*$!
{
	archiveVersion = 1;
	classes = {
	};
	objectVersion = 56;
	objects = {

/* Begin PBXBuildFile section */
		1F2B8A0928E5A76A00C06669 /* AppDelegate.swift in Sources */ = {isa = PBXBuildFile; fileRef = 1F2B8A0828E5A76A00C06669 /* AppDelegate.swift */; };
		1F2B8A0B28E5A76A00C06669 /* SceneDelegate.swift in Sources */ = {isa = PBXBuildFile; fileRef = 1F2B8A0A28E5A76A00C06669 /* SceneDelegate.swift */; };
		1F2B8A0D28E5A76A00C06669 /* MainViewController.swift in Sources */ = {isa = PBXBuildFile; fileRef = 1F2B8A0C28E5A76A00C06669 /* MainViewController.swift */; };
		1F2B8A1028E5A76A00C06669 /* Main.storyboard in Resources */ = {isa = PBXBuildFile; fileRef = 1F2B8A0E28E5A76A00C06669 /* Main.storyboard */; };
		1F2B8A1228E5A76B00C06669 /* Assets.xcassets in Resources */ = {isa = PBXBuildFile; fileRef = 1F2B8A1128E5A76B00C06669 /* Assets.xcassets */; };
		1F2B8A1528E5A76B00C06669 /* LaunchScreen.storyboard in Resources */ = {isa = PBXBuildFile; fileRef = 1F2B8A1328E5A76B00C06669 /* LaunchScreen.storyboard */; };
		1F2B8A1D28E5A80B00C06669 /* FirstModalViewController.swift in Sources */ = {isa = PBXBuildFile; fileRef = 1F2B8A1C28E5A80B00C06669 /* FirstModalViewController.swift */; };
		1F2B8A1F28E5AC5400C06669 /* SecondModalViewController.swift in Sources */ = {isa = PBXBuildFile; fileRef = 1F2B8A1E28E5AC5400C06669 /* SecondModalViewController.swift */; };
		1F2B8A2128E5CA8300C06669 /* ThirdModalViewController.swift in Sources */ = {isa = PBXBuildFile; fileRef = 1F2B8A2028E5CA8300C06669 /* ThirdModalViewController.swift */; };
		1F2B8A2328E5CC6200C06669 /* FourthModalViewController.swift in Sources */ = {isa = PBXBuildFile; fileRef = 1F2B8A2228E5CC6200C06669 /* FourthModalViewController.swift */; };
		1F2B8A2528E5D12200C06669 /* MyModel.swift in Sources */ = {isa = PBXBuildFile; fileRef = 1F2B8A2428E5D12200C06669 /* MyModel.swift */; };
		530199FF89AA412827AEF9A5 /* Pods_TestWindow.framework in Frameworks */ = {isa = PBXBuildFile; fileRef = 4A63B998B30FE6092F2A9943 /* Pods_TestWindow.framework */; };
/* End PBXBuildFile section */

/* Begin PBXFileReference section */
		18C8DB78E7FCF9458B8684D5 /* Pods-TestWindow.release.xcconfig */ = {isa = PBXFileReference; includeInIndex = 1; lastKnownFileType = text.xcconfig; name = "Pods-TestWindow.release.xcconfig"; path = "Target Support Files/Pods-TestWindow/Pods-TestWindow.release.xcconfig"; sourceTree = "<group>"; };
		1F2B8A0528E5A76A00C06669 /* TestWindow.app */ = {isa = PBXFileReference; explicitFileType = wrapper.application; includeInIndex = 0; path = TestWindow.app; sourceTree = BUILT_PRODUCTS_DIR; };
		1F2B8A0828E5A76A00C06669 /* AppDelegate.swift */ = {isa = PBXFileReference; lastKnownFileType = sourcecode.swift; path = AppDelegate.swift; sourceTree = "<group>"; };
		1F2B8A0A28E5A76A00C06669 /* SceneDelegate.swift */ = {isa = PBXFileReference; lastKnownFileType = sourcecode.swift; path = SceneDelegate.swift; sourceTree = "<group>"; };
		1F2B8A0C28E5A76A00C06669 /* MainViewController.swift */ = {isa = PBXFileReference; lastKnownFileType = sourcecode.swift; path = MainViewController.swift; sourceTree = "<group>"; };
		1F2B8A0F28E5A76A00C06669 /* Base */ = {isa = PBXFileReference; lastKnownFileType = file.storyboard; name = Base; path = Base.lproj/Main.storyboard; sourceTree = "<group>"; };
		1F2B8A1128E5A76B00C06669 /* Assets.xcassets */ = {isa = PBXFileReference; lastKnownFileType = folder.assetcatalog; path = Assets.xcassets; sourceTree = "<group>"; };
		1F2B8A1428E5A76B00C06669 /* Base */ = {isa = PBXFileReference; lastKnownFileType = file.storyboard; name = Base; path = Base.lproj/LaunchScreen.storyboard; sourceTree = "<group>"; };
		1F2B8A1628E5A76B00C06669 /* Info.plist */ = {isa = PBXFileReference; lastKnownFileType = text.plist.xml; path = Info.plist; sourceTree = "<group>"; };
		1F2B8A1C28E5A80B00C06669 /* FirstModalViewController.swift */ = {isa = PBXFileReference; lastKnownFileType = sourcecode.swift; path = FirstModalViewController.swift; sourceTree = "<group>"; };
		1F2B8A1E28E5AC5400C06669 /* SecondModalViewController.swift */ = {isa = PBXFileReference; lastKnownFileType = sourcecode.swift; path = SecondModalViewController.swift; sourceTree = "<group>"; };
		1F2B8A2028E5CA8300C06669 /* ThirdModalViewController.swift */ = {isa = PBXFileReference; lastKnownFileType = sourcecode.swift; path = ThirdModalViewController.swift; sourceTree = "<group>"; };
		1F2B8A2228E5CC6200C06669 /* FourthModalViewController.swift */ = {isa = PBXFileReference; lastKnownFileType = sourcecode.swift; path = FourthModalViewController.swift; sourceTree = "<group>"; };
		1F2B8A2428E5D12200C06669 /* MyModel.swift */ = {isa = PBXFileReference; lastKnownFileType = sourcecode.swift; path = MyModel.swift; sourceTree = "<group>"; };
		4A63B998B30FE6092F2A9943 /* Pods_TestWindow.framework */ = {isa = PBXFileReference; explicitFileType = wrapper.framework; includeInIndex = 0; path = Pods_TestWindow.framework; sourceTree = BUILT_PRODUCTS_DIR; };
		F49E51B193D4C3044FA55CD8 /* Pods-TestWindow.debug.xcconfig */ = {isa = PBXFileReference; includeInIndex = 1; lastKnownFileType = text.xcconfig; name = "Pods-TestWindow.debug.xcconfig"; path = "Target Support Files/Pods-TestWindow/Pods-TestWindow.debug.xcconfig"; sourceTree = "<group>"; };
/* End PBXFileReference section */

/* Begin PBXFrameworksBuildPhase section */
		1F2B8A0228E5A76A00C06669 /* Frameworks */ = {
			isa = PBXFrameworksBuildPhase;
			buildActionMask = 2147483647;
			files = (
				530199FF89AA412827AEF9A5 /* Pods_TestWindow.framework in Frameworks */,
			);
			runOnlyForDeploymentPostprocessing = 0;
		};
/* End PBXFrameworksBuildPhase section */

/* Begin PBXGroup section */
		1F2B89FC28E5A76900C06669 = {
			isa = PBXGroup;
			children = (
				1F2B8A0728E5A76A00C06669 /* TestWindow */,
				1F2B8A0628E5A76A00C06669 /* Products */,
				A06158706B94BDE26CC811A5 /* Pods */,
				7B2FCD53AFCA7FD249317ED8 /* Frameworks */,
			);
			sourceTree = "<group>";
		};
		1F2B8A0628E5A76A00C06669 /* Products */ = {
			isa = PBXGroup;
			children = (
				1F2B8A0528E5A76A00C06669 /* TestWindow.app */,
			);
			name = Products;
			sourceTree = "<group>";
		};
		1F2B8A0728E5A76A00C06669 /* TestWindow */ = {
			isa = PBXGroup;
			children = (
				1F2B8A0828E5A76A00C06669 /* AppDelegate.swift */,
				1F2B8A0A28E5A76A00C06669 /* SceneDelegate.swift */,
				1F2B8A0C28E5A76A00C06669 /* MainViewController.swift */,
				1F2B8A1C28E5A80B00C06669 /* FirstModalViewController.swift */,
				1F2B8A1E28E5AC5400C06669 /* SecondModalViewController.swift */,
				1F2B8A2028E5CA8300C06669 /* ThirdModalViewController.swift */,
				1F2B8A2228E5CC6200C06669 /* FourthModalViewController.swift */,
				1F2B8A2428E5D12200C06669 /* MyModel.swift */,
				1F2B8A0E28E5A76A00C06669 /* Main.storyboard */,
				1F2B8A1128E5A76B00C06669 /* Assets.xcassets */,
				1F2B8A1328E5A76B00C06669 /* LaunchScreen.storyboard */,
				1F2B8A1628E5A76B00C06669 /* Info.plist */,
			);
			path = TestWindow;
			sourceTree = "<group>";
		};
		7B2FCD53AFCA7FD249317ED8 /* Frameworks */ = {
			isa = PBXGroup;
			children = (
				4A63B998B30FE6092F2A9943 /* Pods_TestWindow.framework */,
			);
			name = Frameworks;
			sourceTree = "<group>";
		};
		A06158706B94BDE26CC811A5 /* Pods */ = {
			isa = PBXGroup;
			children = (
				F49E51B193D4C3044FA55CD8 /* Pods-TestWindow.debug.xcconfig */,
				18C8DB78E7FCF9458B8684D5 /* Pods-TestWindow.release.xcconfig */,
			);
			name = Pods;
			path = Pods;
			sourceTree = "<group>";
		};
/* End PBXGroup section */

/* Begin PBXNativeTarget section */
		1F2B8A0428E5A76A00C06669 /* TestWindow */ = {
			isa = PBXNativeTarget;
			buildConfigurationList = 1F2B8A1928E5A76B00C06669 /* Build configuration list for PBXNativeTarget "TestWindow" */;
			buildPhases = (
				AF142F6C4888F64625980AB4 /* [CP] Check Pods Manifest.lock */,
				1F2B8A0128E5A76A00C06669 /* Sources */,
				1F2B8A0228E5A76A00C06669 /* Frameworks */,
				1F2B8A0328E5A76A00C06669 /* Resources */,
				2E17D205B4B0B8804AE2954B /* [CP] Embed Pods Frameworks */,
			);
			buildRules = (
			);
			dependencies = (
			);
			name = TestWindow;
			productName = TestWindow;
			productReference = 1F2B8A0528E5A76A00C06669 /* TestWindow.app */;
			productType = "com.apple.product-type.application";
		};
/* End PBXNativeTarget section */

/* Begin PBXProject section */
		1F2B89FD28E5A76900C06669 /* Project object */ = {
			isa = PBXProject;
			attributes = {
				BuildIndependentTargetsInParallel = 1;
				LastSwiftUpdateCheck = 1400;
				LastUpgradeCheck = 1400;
				TargetAttributes = {
					1F2B8A0428E5A76A00C06669 = {
						CreatedOnToolsVersion = 14.0;
					};
				};
			};
			buildConfigurationList = 1F2B8A0028E5A76900C06669 /* Build configuration list for PBXProject "TestWindow" */;
			compatibilityVersion = "Xcode 14.0";
			developmentRegion = en;
			hasScannedForEncodings = 0;
			knownRegions = (
				en,
				Base,
			);
			mainGroup = 1F2B89FC28E5A76900C06669;
			productRefGroup = 1F2B8A0628E5A76A00C06669 /* Products */;
			projectDirPath = "";
			projectRoot = "";
			targets = (
				1F2B8A0428E5A76A00C06669 /* TestWindow */,
			);
		};
/* End PBXProject section */

/* Begin PBXResourcesBuildPhase section */
		1F2B8A0328E5A76A00C06669 /* Resources */ = {
			isa = PBXResourcesBuildPhase;
			buildActionMask = 2147483647;
			files = (
				1F2B8A1528E5A76B00C06669 /* LaunchScreen.storyboard in Resources */,
				1F2B8A1228E5A76B00C06669 /* Assets.xcassets in Resources */,
				1F2B8A1028E5A76A00C06669 /* Main.storyboard in Resources */,
			);
			runOnlyForDeploymentPostprocessing = 0;
		};
/* End PBXResourcesBuildPhase section */

/* Begin PBXShellScriptBuildPhase section */
		2E17D205B4B0B8804AE2954B /* [CP] Embed Pods Frameworks */ = {
			isa = PBXShellScriptBuildPhase;
			buildActionMask = 2147483647;
			files = (
			);
			inputFileListPaths = (
				"${PODS_ROOT}/Target Support Files/Pods-TestWindow/Pods-TestWindow-frameworks-${CONFIGURATION}-input-files.xcfilelist",
			);
			name = "[CP] Embed Pods Frameworks";
			outputFileListPaths = (
				"${PODS_ROOT}/Target Support Files/Pods-TestWindow/Pods-TestWindow-frameworks-${CONFIGURATION}-output-files.xcfilelist",
			);
			runOnlyForDeploymentPostprocessing = 0;
			shellPath = /bin/sh;
			shellScript = "\"${PODS_ROOT}/Target Support Files/Pods-TestWindow/Pods-TestWindow-frameworks.sh\"\n";
			showEnvVarsInLog = 0;
		};
		AF142F6C4888F64625980AB4 /* [CP] Check Pods Manifest.lock */ = {
			isa = PBXShellScriptBuildPhase;
			buildActionMask = 2147483647;
			files = (
			);
			inputFileListPaths = (
			);
			inputPaths = (
				"${PODS_PODFILE_DIR_PATH}/Podfile.lock",
				"${PODS_ROOT}/Manifest.lock",
			);
			name = "[CP] Check Pods Manifest.lock";
			outputFileListPaths = (
			);
			outputPaths = (
				"$(DERIVED_FILE_DIR)/Pods-TestWindow-checkManifestLockResult.txt",
			);
			runOnlyForDeploymentPostprocessing = 0;
			shellPath = /bin/sh;
			shellScript = "diff \"${PODS_PODFILE_DIR_PATH}/Podfile.lock\" \"${PODS_ROOT}/Manifest.lock\" > /dev/null\nif [ $? != 0 ] ; then\n    # print error to STDERR\n    echo \"error: The sandbox is not in sync with the Podfile.lock. Run 'pod install' or update your CocoaPods installation.\" >&2\n    exit 1\nfi\n# This output is used by Xcode 'outputs' to avoid re-running this script phase.\necho \"SUCCESS\" > \"${SCRIPT_OUTPUT_FILE_0}\"\n";
			showEnvVarsInLog = 0;
		};
/* End PBXShellScriptBuildPhase section */

/* Begin PBXSourcesBuildPhase section */
		1F2B8A0128E5A76A00C06669 /* Sources */ = {
			isa = PBXSourcesBuildPhase;
			buildActionMask = 2147483647;
			files = (
				1F2B8A0D28E5A76A00C06669 /* MainViewController.swift in Sources */,
				1F2B8A1F28E5AC5400C06669 /* SecondModalViewController.swift in Sources */,
				1F2B8A2328E5CC6200C06669 /* FourthModalViewController.swift in Sources */,
				1F2B8A1D28E5A80B00C06669 /* FirstModalViewController.swift in Sources */,
				1F2B8A0928E5A76A00C06669 /* AppDelegate.swift in Sources */,
				1F2B8A2128E5CA8300C06669 /* ThirdModalViewController.swift in Sources */,
				1F2B8A0B28E5A76A00C06669 /* SceneDelegate.swift in Sources */,
				1F2B8A2528E5D12200C06669 /* MyModel.swift in Sources */,
			);
			runOnlyForDeploymentPostprocessing = 0;
		};
/* End PBXSourcesBuildPhase section */

/* Begin PBXVariantGroup section */
		1F2B8A0E28E5A76A00C06669 /* Main.storyboard */ = {
			isa = PBXVariantGroup;
			children = (
				1F2B8A0F28E5A76A00C06669 /* Base */,
			);
			name = Main.storyboard;
			sourceTree = "<group>";
		};
		1F2B8A1328E5A76B00C06669 /* LaunchScreen.storyboard */ = {
			isa = PBXVariantGroup;
			children = (
				1F2B8A1428E5A76B00C06669 /* Base */,
			);
			name = LaunchScreen.storyboard;
			sourceTree = "<group>";
		};
/* End PBXVariantGroup section */

/* Begin XCBuildConfiguration section */
		1F2B8A1728E5A76B00C06669 /* Debug */ = {
			isa = XCBuildConfiguration;
			buildSettings = {
				ALWAYS_SEARCH_USER_PATHS = NO;
				CLANG_ANALYZER_NONNULL = YES;
				CLANG_ANALYZER_NUMBER_OBJECT_CONVERSION = YES_AGGRESSIVE;
				CLANG_CXX_LANGUAGE_STANDARD = "gnu++20";
				CLANG_ENABLE_MODULES = YES;
				CLANG_ENABLE_OBJC_ARC = YES;
				CLANG_ENABLE_OBJC_WEAK = YES;
				CLANG_WARN_BLOCK_CAPTURE_AUTORELEASING = YES;
				CLANG_WARN_BOOL_CONVERSION = YES;
				CLANG_WARN_COMMA = YES;
				CLANG_WARN_CONSTANT_CONVERSION = YES;
				CLANG_WARN_DEPRECATED_OBJC_IMPLEMENTATIONS = YES;
				CLANG_WARN_DIRECT_OBJC_ISA_USAGE = YES_ERROR;
				CLANG_WARN_DOCUMENTATION_COMMENTS = YES;
				CLANG_WARN_EMPTY_BODY = YES;
				CLANG_WARN_ENUM_CONVERSION = YES;
				CLANG_WARN_INFINITE_RECURSION = YES;
				CLANG_WARN_INT_CONVERSION = YES;
				CLANG_WARN_NON_LITERAL_NULL_CONVERSION = YES;
				CLANG_WARN_OBJC_IMPLICIT_RETAIN_SELF = YES;
				CLANG_WARN_OBJC_LITERAL_CONVERSION = YES;
				CLANG_WARN_OBJC_ROOT_CLASS = YES_ERROR;
				CLANG_WARN_QUOTED_INCLUDE_IN_FRAMEWORK_HEADER = YES;
				CLANG_WARN_RANGE_LOOP_ANALYSIS = YES;
				CLANG_WARN_STRICT_PROTOTYPES = YES;
				CLANG_WARN_SUSPICIOUS_MOVE = YES;
				CLANG_WARN_UNGUARDED_AVAILABILITY = YES_AGGRESSIVE;
				CLANG_WARN_UNREACHABLE_CODE = YES;
				CLANG_WARN__DUPLICATE_METHOD_MATCH = YES;
				COPY_PHASE_STRIP = NO;
				DEBUG_INFORMATION_FORMAT = dwarf;
				ENABLE_STRICT_OBJC_MSGSEND = YES;
				ENABLE_TESTABILITY = YES;
				GCC_C_LANGUAGE_STANDARD = gnu11;
				GCC_DYNAMIC_NO_PIC = NO;
				GCC_NO_COMMON_BLOCKS = YES;
				GCC_OPTIMIZATION_LEVEL = 0;
				GCC_PREPROCESSOR_DEFINITIONS = (
					"DEBUG=1",
					"$(inherited)",
				);
				GCC_WARN_64_TO_32_BIT_CONVERSION = YES;
				GCC_WARN_ABOUT_RETURN_TYPE = YES_ERROR;
				GCC_WARN_UNDECLARED_SELECTOR = YES;
				GCC_WARN_UNINITIALIZED_AUTOS = YES_AGGRESSIVE;
				GCC_WARN_UNUSED_FUNCTION = YES;
				GCC_WARN_UNUSED_VARIABLE = YES;
				IPHONEOS_DEPLOYMENT_TARGET = 16.0;
				MTL_ENABLE_DEBUG_INFO = INCLUDE_SOURCE;
				MTL_FAST_MATH = YES;
				ONLY_ACTIVE_ARCH = YES;
				SDKROOT = iphoneos;
				SWIFT_ACTIVE_COMPILATION_CONDITIONS = DEBUG;
				SWIFT_OPTIMIZATION_LEVEL = "-Onone";
			};
			name = Debug;
		};
		1F2B8A1828E5A76B00C06669 /* Release */ = {
			isa = XCBuildConfiguration;
			buildSettings = {
				ALWAYS_SEARCH_USER_PATHS = NO;
				CLANG_ANALYZER_NONNULL = YES;
				CLANG_ANALYZER_NUMBER_OBJECT_CONVERSION = YES_AGGRESSIVE;
				CLANG_CXX_LANGUAGE_STANDARD = "gnu++20";
				CLANG_ENABLE_MODULES = YES;
				CLANG_ENABLE_OBJC_ARC = YES;
				CLANG_ENABLE_OBJC_WEAK = YES;
				CLANG_WARN_BLOCK_CAPTURE_AUTORELEASING = YES;
				CLANG_WARN_BOOL_CONVERSION = YES;
				CLANG_WARN_COMMA = YES;
				CLANG_WARN_CONSTANT_CONVERSION = YES;
				CLANG_WARN_DEPRECATED_OBJC_IMPLEMENTATIONS = YES;
				CLANG_WARN_DIRECT_OBJC_ISA_USAGE = YES_ERROR;
				CLANG_WARN_DOCUMENTATION_COMMENTS = YES;
				CLANG_WARN_EMPTY_BODY = YES;
				CLANG_WARN_ENUM_CONVERSION = YES;
				CLANG_WARN_INFINITE_RECURSION = YES;
				CLANG_WARN_INT_CONVERSION = YES;
				CLANG_WARN_NON_LITERAL_NULL_CONVERSION = YES;
				CLANG_WARN_OBJC_IMPLICIT_RETAIN_SELF = YES;
				CLANG_WARN_OBJC_LITERAL_CONVERSION = YES;
				CLANG_WARN_OBJC_ROOT_CLASS = YES_ERROR;
				CLANG_WARN_QUOTED_INCLUDE_IN_FRAMEWORK_HEADER = YES;
				CLANG_WARN_RANGE_LOOP_ANALYSIS = YES;
				CLANG_WARN_STRICT_PROTOTYPES = YES;
				CLANG_WARN_SUSPICIOUS_MOVE = YES;
				CLANG_WARN_UNGUARDED_AVAILABILITY = YES_AGGRESSIVE;
				CLANG_WARN_UNREACHABLE_CODE = YES;
				CLANG_WARN__DUPLICATE_METHOD_MATCH = YES;
				COPY_PHASE_STRIP = NO;
				DEBUG_INFORMATION_FORMAT = "dwarf-with-dsym";
				ENABLE_NS_ASSERTIONS = NO;
				ENABLE_STRICT_OBJC_MSGSEND = YES;
				GCC_C_LANGUAGE_STANDARD = gnu11;
				GCC_NO_COMMON_BLOCKS = YES;
				GCC_WARN_64_TO_32_BIT_CONVERSION = YES;
				GCC_WARN_ABOUT_RETURN_TYPE = YES_ERROR;
				GCC_WARN_UNDECLARED_SELECTOR = YES;
				GCC_WARN_UNINITIALIZED_AUTOS = YES_AGGRESSIVE;
				GCC_WARN_UNUSED_FUNCTION = YES;
				GCC_WARN_UNUSED_VARIABLE = YES;
				IPHONEOS_DEPLOYMENT_TARGET = 16.0;
				MTL_ENABLE_DEBUG_INFO = NO;
				MTL_FAST_MATH = YES;
				SDKROOT = iphoneos;
				SWIFT_COMPILATION_MODE = wholemodule;
				SWIFT_OPTIMIZATION_LEVEL = "-O";
				VALIDATE_PRODUCT = YES;
			};
			name = Release;
		};
		1F2B8A1A28E5A76B00C06669 /* Debug */ = {
			isa = XCBuildConfiguration;
			baseConfigurationReference = F49E51B193D4C3044FA55CD8 /* Pods-TestWindow.debug.xcconfig */;
			buildSettings = {
				ASSETCATALOG_COMPILER_APPICON_NAME = AppIcon;
				ASSETCATALOG_COMPILER_GLOBAL_ACCENT_COLOR_NAME = AccentColor;
				CODE_SIGN_STYLE = Automatic;
				CURRENT_PROJECT_VERSION = 1;
				DEVELOPMENT_TEAM = KAG6TQNX26;
				GENERATE_INFOPLIST_FILE = YES;
				INFOPLIST_FILE = TestWindow/Info.plist;
				INFOPLIST_KEY_UIApplicationSupportsIndirectInputEvents = YES;
				INFOPLIST_KEY_UILaunchStoryboardName = LaunchScreen;
				INFOPLIST_KEY_UIMainStoryboardFile = Main;
				INFOPLIST_KEY_UISupportedInterfaceOrientations_iPad = "UIInterfaceOrientationPortrait UIInterfaceOrientationPortraitUpsideDown UIInterfaceOrientationLandscapeLeft UIInterfaceOrientationLandscapeRight";
				INFOPLIST_KEY_UISupportedInterfaceOrientations_iPhone = "UIInterfaceOrientationPortrait UIInterfaceOrientationLandscapeLeft UIInterfaceOrientationLandscapeRight";
				LD_RUNPATH_SEARCH_PATHS = (
					"$(inherited)",
					"@executable_path/Frameworks",
				);
				MARKETING_VERSION = 1.0;
				PRODUCT_BUNDLE_IDENTIFIER = com.fine.TestWindow;
				PRODUCT_NAME = "$(TARGET_NAME)";
				SWIFT_EMIT_LOC_STRINGS = YES;
				SWIFT_VERSION = 5.0;
				TARGETED_DEVICE_FAMILY = "1,2";
			};
			name = Debug;
		};
		1F2B8A1B28E5A76B00C06669 /* Release */ = {
			isa = XCBuildConfiguration;
			baseConfigurationReference = 18C8DB78E7FCF9458B8684D5 /* Pods-TestWindow.release.xcconfig */;
			buildSettings = {
				ASSETCATALOG_COMPILER_APPICON_NAME = AppIcon;
				ASSETCATALOG_COMPILER_GLOBAL_ACCENT_COLOR_NAME = AccentColor;
				CODE_SIGN_STYLE = Automatic;
				CURRENT_PROJECT_VERSION = 1;
				DEVELOPMENT_TEAM = KAG6TQNX26;
				GENERATE_INFOPLIST_FILE = YES;
				INFOPLIST_FILE = TestWindow/Info.plist;
				INFOPLIST_KEY_UIApplicationSupportsIndirectInputEvents = YES;
				INFOPLIST_KEY_UILaunchStoryboardName = LaunchScreen;
				INFOPLIST_KEY_UIMainStoryboardFile = Main;
				INFOPLIST_KEY_UISupportedInterfaceOrientations_iPad = "UIInterfaceOrientationPortrait UIInterfaceOrientationPortraitUpsideDown UIInterfaceOrientationLandscapeLeft UIInterfaceOrientationLandscapeRight";
				INFOPLIST_KEY_UISupportedInterfaceOrientations_iPhone = "UIInterfaceOrientationPortrait UIInterfaceOrientationLandscapeLeft UIInterfaceOrientationLandscapeRight";
				LD_RUNPATH_SEARCH_PATHS = (
					"$(inherited)",
					"@executable_path/Frameworks",
				);
				MARKETING_VERSION = 1.0;
				PRODUCT_BUNDLE_IDENTIFIER = com.fine.TestWindow;
				PRODUCT_NAME = "$(TARGET_NAME)";
				SWIFT_EMIT_LOC_STRINGS = YES;
				SWIFT_VERSION = 5.0;
				TARGETED_DEVICE_FAMILY = "1,2";
			};
			name = Release;
		};
/* End XCBuildConfiguration section */

/* Begin XCConfigurationList section */
		1F2B8A0028E5A76900C06669 /* Build configuration list for PBXProject "TestWindow" */ = {
			isa = XCConfigurationList;
			buildConfigurations = (
				1F2B8A1728E5A76B00C06669 /* Debug */,
				1F2B8A1828E5A76B00C06669 /* Release */,
			);
			defaultConfigurationIsVisible = 0;
			defaultConfigurationName = Release;
		};
		1F2B8A1928E5A76B00C06669 /* Build configuration list for PBXNativeTarget "TestWindow" */ = {
			isa = XCConfigurationList;
			buildConfigurations = (
				1F2B8A1A28E5A76B00C06669 /* Debug */,
				1F2B8A1B28E5A76B00C06669 /* Release */,
			);
			defaultConfigurationIsVisible = 0;
			defaultConfigurationName = Release;
		};
/* End XCConfigurationList section */
	};
	rootObject = 1F2B89FD28E5A76900C06669 /* Project object */;
}
